
Microsoft Visual Studio Solution File, Format Version 12.00
# Visual Studio Version 17
VisualStudioVersion = 17.7.34031.279
MinimumVisualStudioVersion = 10.0.40219.1
Project("{9A19103F-16F7-4668-BE54-9A1E7A4F7556}") = "Proyecto_Progreso1_1", "Proyecto_Progreso1_1\Proyecto_Progreso1_1.csproj", "{0169268E-5A02-4536-8861-45F8B6974183}"
EndProject
Global
	GlobalSection(SolutionConfigurationPlatforms) = preSolution
		Debug|Any CPU = Debug|Any CPU
		Release|Any CPU = Release|Any CPU
	EndGlobalSection
	GlobalSection(ProjectConfigurationPlatforms) = postSolution
		{0169268E-5A02-4536-8861-45F8B6974183}.Debug|Any CPU.ActiveCfg = Debug|Any CPU
		{0169268E-5A02-4536-8861-45F8B6974183}.Debug|Any CPU.Build.0 = Debug|Any CPU
		{0169268E-5A02-4536-8861-45F8B6974183}.Release|Any CPU.ActiveCfg = Release|Any CPU
		{0169268E-5A02-4536-8861-45F8B6974183}.Release|Any CPU.Build.0 = Release|Any CPU
	EndGlobalSection
	GlobalSection(SolutionProperties) = preSolution
		HideSolutionNode = FALSE
	EndGlobalSection
	GlobalSection(ExtensibilityGlobals) = postSolution
		SolutionGuid = {A82BC60C-E95D-43B9-BEF2-46160A36D9C1}
	EndGlobalSection
EndGlobal
